{
  "name": "war-of-bob",
  "version": "1.0.0",
  "dependencies": {
    "accepts": {
      "version": "1.3.3",
      "from": "accepts@>=1.3.3 <1.4.0",
      "resolved": "https://registry.npmjs.org/accepts/-/accepts-1.3.3.tgz"
    },
    "after": {
      "version": "0.8.2",
      "from": "after@0.8.2",
      "resolved": "https://registry.npmjs.org/after/-/after-0.8.2.tgz"
    },
    "arraybuffer.slice": {
      "version": "0.0.6",
      "from": "arraybuffer.slice@0.0.6",
      "resolved": "https://registry.npmjs.org/arraybuffer.slice/-/arraybuffer.slice-0.0.6.tgz"
    },
    "aws-sdk": {
      "version": "2.36.0",
      "from": "aws-sdk@latest",
      "resolved": "https://registry.npmjs.org/aws-sdk/-/aws-sdk-2.36.0.tgz"
    },
    "backo2": {
      "version": "1.0.2",
      "from": "backo2@1.0.2",
      "resolved": "https://registry.npmjs.org/backo2/-/backo2-1.0.2.tgz"
    },
    "base64-arraybuffer": {
      "version": "0.1.5",
      "from": "base64-arraybuffer@0.1.5",
      "resolved": "https://registry.npmjs.org/base64-arraybuffer/-/base64-arraybuffer-0.1.5.tgz"
    },
    "base64-js": {
      "version": "1.2.0",
      "from": "base64-js@>=1.0.2 <2.0.0",
      "resolved": "https://registry.npmjs.org/base64-js/-/base64-js-1.2.0.tgz"
    },
    "base64id": {
      "version": "1.0.0",
      "from": "base64id@1.0.0",
      "resolved": "https://registry.npmjs.org/base64id/-/base64id-1.0.0.tgz"
    },
    "better-assert": {
      "version": "1.0.2",
      "from": "better-assert@>=1.0.0 <1.1.0",
      "resolved": "https://registry.npmjs.org/better-assert/-/better-assert-1.0.2.tgz"
    },
    "blob": {
      "version": "0.0.4",
      "from": "blob@0.0.4",
      "resolved": "https://registry.npmjs.org/blob/-/blob-0.0.4.tgz"
    },
    "browser-fingerprint": {
      "version": "0.0.1",
      "from": "browser-fingerprint@0.0.1",
      "resolved": "https://registry.npmjs.org/browser-fingerprint/-/browser-fingerprint-0.0.1.tgz"
    },
    "buffer": {
      "version": "4.9.1",
      "from": "buffer@4.9.1",
      "resolved": "https://registry.npmjs.org/buffer/-/buffer-4.9.1.tgz",
      "dependencies": {
        "isarray": {
          "version": "1.0.0",
          "from": "isarray@>=1.0.0 <2.0.0",
          "resolved": "https://registry.npmjs.org/isarray/-/isarray-1.0.0.tgz"
        }
      }
    },
    "bytes": {
      "version": "2.3.0",
      "from": "bytes@2.3.0",
      "resolved": "https://registry.npmjs.org/bytes/-/bytes-2.3.0.tgz"
    },
    "callsite": {
      "version": "1.0.0",
      "from": "callsite@1.0.0",
      "resolved": "https://registry.npmjs.org/callsite/-/callsite-1.0.0.tgz"
    },
    "colors": {
      "version": "1.1.2",
      "from": "colors@>=0.6.0",
      "resolved": "https://registry.npmjs.org/colors/-/colors-1.1.2.tgz"
    },
    "component-bind": {
      "version": "1.0.0",
      "from": "component-bind@1.0.0",
      "resolved": "https://registry.npmjs.org/component-bind/-/component-bind-1.0.0.tgz"
    },
    "component-emitter": {
      "version": "1.1.2",
      "from": "component-emitter@1.1.2",
      "resolved": "https://registry.npmjs.org/component-emitter/-/component-emitter-1.1.2.tgz"
    },
    "component-inherit": {
      "version": "0.0.3",
      "from": "component-inherit@0.0.3",
      "resolved": "https://registry.npmjs.org/component-inherit/-/component-inherit-0.0.3.tgz"
    },
    "compressible": {
      "version": "2.0.10",
      "from": "compressible@>=2.0.8 <2.1.0",
      "resolved": "https://registry.npmjs.org/compressible/-/compressible-2.0.10.tgz"
    },
    "compression": {
      "version": "1.6.2",
      "from": "compression@latest",
      "resolved": "https://registry.npmjs.org/compression/-/compression-1.6.2.tgz",
      "dependencies": {
        "debug": {
          "version": "2.2.0",
          "from": "debug@>=2.2.0 <2.3.0",
          "resolved": "https://registry.npmjs.org/debug/-/debug-2.2.0.tgz"
        },
        "ms": {
          "version": "0.7.1",
          "from": "ms@0.7.1",
          "resolved": "https://registry.npmjs.org/ms/-/ms-0.7.1.tgz"
        }
      }
    },
    "cookie": {
      "version": "0.3.1",
      "from": "cookie@0.3.1",
      "resolved": "https://registry.npmjs.org/cookie/-/cookie-0.3.1.tgz"
    },
    "core-js": {
      "version": "1.2.7",
      "from": "core-js@>=1.1.1 <2.0.0",
      "resolved": "https://registry.npmjs.org/core-js/-/core-js-1.2.7.tgz"
    },
    "crypto-browserify": {
      "version": "1.0.9",
      "from": "crypto-browserify@1.0.9",
      "resolved": "https://registry.npmjs.org/crypto-browserify/-/crypto-browserify-1.0.9.tgz"
    },
    "cuid": {
      "version": "1.3.8",
      "from": "cuid@latest",
      "resolved": "https://registry.npmjs.org/cuid/-/cuid-1.3.8.tgz"
    },
    "dotenv": {
      "version": "4.0.0",
      "from": "dotenv@latest",
      "resolved": "https://registry.npmjs.org/dotenv/-/dotenv-4.0.0.tgz"
    },
    "engine.io": {
      "version": "1.8.3",
      "from": "engine.io@1.8.3",
      "resolved": "https://registry.npmjs.org/engine.io/-/engine.io-1.8.3.tgz",
      "dependencies": {
        "debug": {
          "version": "2.3.3",
          "from": "debug@2.3.3",
          "resolved": "https://registry.npmjs.org/debug/-/debug-2.3.3.tgz"
        }
      }
    },
    "engine.io-client": {
      "version": "1.8.3",
      "from": "engine.io-client@1.8.3",
      "resolved": "https://registry.npmjs.org/engine.io-client/-/engine.io-client-1.8.3.tgz",
      "dependencies": {
        "component-emitter": {
          "version": "1.2.1",
          "from": "component-emitter@1.2.1",
          "resolved": "https://registry.npmjs.org/component-emitter/-/component-emitter-1.2.1.tgz"
        },
        "debug": {
          "version": "2.3.3",
          "from": "debug@2.3.3",
          "resolved": "https://registry.npmjs.org/debug/-/debug-2.3.3.tgz"
        }
      }
    },
    "engine.io-parser": {
      "version": "1.3.2",
      "from": "engine.io-parser@1.3.2",
      "resolved": "https://registry.npmjs.org/engine.io-parser/-/engine.io-parser-1.3.2.tgz"
    },
    "has-binary": {
      "version": "0.1.7",
      "from": "has-binary@0.1.7",
      "resolved": "https://registry.npmjs.org/has-binary/-/has-binary-0.1.7.tgz"
    },
    "has-cors": {
      "version": "1.1.0",
      "from": "has-cors@1.1.0",
      "resolved": "https://registry.npmjs.org/has-cors/-/has-cors-1.1.0.tgz"
    },
    "ieee754": {
      "version": "1.1.8",
      "from": "ieee754@>=1.1.4 <2.0.0",
      "resolved": "https://registry.npmjs.org/ieee754/-/ieee754-1.1.8.tgz"
    },
    "indexof": {
      "version": "0.0.1",
      "from": "indexof@0.0.1",
      "resolved": "https://registry.npmjs.org/indexof/-/indexof-0.0.1.tgz"
    },
    "isarray": {
      "version": "0.0.1",
      "from": "isarray@0.0.1",
      "resolved": "https://registry.npmjs.org/isarray/-/isarray-0.0.1.tgz"
    },
    "jmespath": {
      "version": "0.15.0",
      "from": "jmespath@0.15.0",
      "resolved": "https://registry.npmjs.org/jmespath/-/jmespath-0.15.0.tgz"
    },
    "json3": {
      "version": "3.3.2",
      "from": "json3@3.3.2",
      "resolved": "https://registry.npmjs.org/json3/-/json3-3.3.2.tgz"
    },
    "lodash": {
      "version": "3.5.0",
      "from": "lodash@>=3.5.0 <3.6.0",
      "resolved": "https://registry.npmjs.org/lodash/-/lodash-3.5.0.tgz"
    },
    "mime": {
      "version": "1.3.4",
      "from": "mime@>=1.2.9",
      "resolved": "https://registry.npmjs.org/mime/-/mime-1.3.4.tgz"
    },
    "mime-db": {
      "version": "1.27.0",
      "from": "mime-db@>=1.27.0 <1.28.0",
      "resolved": "https://registry.npmjs.org/mime-db/-/mime-db-1.27.0.tgz"
    },
    "mime-types": {
      "version": "2.1.15",
      "from": "mime-types@>=2.1.11 <2.2.0",
      "resolved": "https://registry.npmjs.org/mime-types/-/mime-types-2.1.15.tgz"
    },
    "minimist": {
      "version": "0.0.10",
      "from": "minimist@>=0.0.1 <0.1.0",
      "resolved": "https://registry.npmjs.org/minimist/-/minimist-0.0.10.tgz"
    },
    "ms": {
      "version": "0.7.2",
      "from": "ms@0.7.2",
      "resolved": "https://registry.npmjs.org/ms/-/ms-0.7.2.tgz"
    },
    "negotiator": {
      "version": "0.6.1",
      "from": "negotiator@0.6.1",
      "resolved": "https://registry.npmjs.org/negotiator/-/negotiator-0.6.1.tgz"
    },
    "node-fingerprint": {
      "version": "0.0.2",
      "from": "node-fingerprint@0.0.2",
      "resolved": "https://registry.npmjs.org/node-fingerprint/-/node-fingerprint-0.0.2.tgz"
    },
    "node-static": {
      "version": "0.7.9",
      "from": "node-static@latest",
      "resolved": "https://registry.npmjs.org/node-static/-/node-static-0.7.9.tgz"
    },
    "object-assign": {
      "version": "4.1.0",
      "from": "object-assign@4.1.0",
      "resolved": "https://registry.npmjs.org/object-assign/-/object-assign-4.1.0.tgz"
    },
    "object-component": {
      "version": "0.0.3",
      "from": "object-component@0.0.3",
      "resolved": "https://registry.npmjs.org/object-component/-/object-component-0.0.3.tgz"
    },
    "on-headers": {
      "version": "1.0.1",
      "from": "on-headers@>=1.0.1 <1.1.0",
      "resolved": "https://registry.npmjs.org/on-headers/-/on-headers-1.0.1.tgz"
    },
    "optimist": {
      "version": "0.6.1",
      "from": "optimist@>=0.3.4",
      "resolved": "https://registry.npmjs.org/optimist/-/optimist-0.6.1.tgz"
    },
    "options": {
      "version": "0.0.6",
      "from": "options@>=0.0.5",
      "resolved": "https://registry.npmjs.org/options/-/options-0.0.6.tgz"
    },
    "parsejson": {
      "version": "0.0.3",
      "from": "parsejson@0.0.3",
      "resolved": "https://registry.npmjs.org/parsejson/-/parsejson-0.0.3.tgz"
    },
    "parseqs": {
      "version": "0.0.5",
      "from": "parseqs@0.0.5",
      "resolved": "https://registry.npmjs.org/parseqs/-/parseqs-0.0.5.tgz"
    },
    "parseuri": {
      "version": "0.0.5",
      "from": "parseuri@0.0.5",
      "resolved": "https://registry.npmjs.org/parseuri/-/parseuri-0.0.5.tgz"
    },
    "punycode": {
      "version": "1.3.2",
      "from": "punycode@1.3.2",
      "resolved": "https://registry.npmjs.org/punycode/-/punycode-1.3.2.tgz"
    },
    "querystring": {
      "version": "0.2.0",
      "from": "querystring@0.2.0",
      "resolved": "https://registry.npmjs.org/querystring/-/querystring-0.2.0.tgz"
    },
    "rxjs": {
      "version": "5.2.0",
      "from": "rxjs@>=5.2.0 <6.0.0",
      "resolved": "https://registry.npmjs.org/rxjs/-/rxjs-5.2.0.tgz"
    },
    "sax": {
      "version": "1.1.5",
      "from": "sax@1.1.5",
      "resolved": "https://registry.npmjs.org/sax/-/sax-1.1.5.tgz"
    },
    "socket.io": {
      "version": "1.7.3",
      "from": "socket.io@>=1.7.3 <2.0.0",
      "resolved": "https://registry.npmjs.org/socket.io/-/socket.io-1.7.3.tgz",
      "dependencies": {
        "debug": {
          "version": "2.3.3",
          "from": "debug@2.3.3",
          "resolved": "https://registry.npmjs.org/debug/-/debug-2.3.3.tgz"
        }
      }
    },
    "socket.io-adapter": {
      "version": "0.5.0",
      "from": "socket.io-adapter@0.5.0",
      "resolved": "https://registry.npmjs.org/socket.io-adapter/-/socket.io-adapter-0.5.0.tgz",
      "dependencies": {
        "debug": {
          "version": "2.3.3",
          "from": "debug@2.3.3",
          "resolved": "https://registry.npmjs.org/debug/-/debug-2.3.3.tgz"
        }
      }
    },
    "socket.io-client": {
      "version": "1.7.3",
      "from": "socket.io-client@1.7.3",
      "resolved": "https://registry.npmjs.org/socket.io-client/-/socket.io-client-1.7.3.tgz",
      "dependencies": {
        "component-emitter": {
          "version": "1.2.1",
          "from": "component-emitter@1.2.1",
          "resolved": "https://registry.npmjs.org/component-emitter/-/component-emitter-1.2.1.tgz"
        },
        "debug": {
          "version": "2.3.3",
          "from": "debug@2.3.3",
          "resolved": "https://registry.npmjs.org/debug/-/debug-2.3.3.tgz"
        }
      }
    },
    "socket.io-parser": {
      "version": "2.3.1",
      "from": "socket.io-parser@2.3.1",
      "resolved": "https://registry.npmjs.org/socket.io-parser/-/socket.io-parser-2.3.1.tgz",
      "dependencies": {
        "debug": {
          "version": "2.2.0",
          "from": "debug@2.2.0",
          "resolved": "https://registry.npmjs.org/debug/-/debug-2.2.0.tgz"
        },
        "ms": {
          "version": "0.7.1",
          "from": "ms@0.7.1",
          "resolved": "https://registry.npmjs.org/ms/-/ms-0.7.1.tgz"
        }
      }
    },
    "symbol-observable": {
      "version": "1.0.4",
      "from": "symbol-observable@>=1.0.1 <2.0.0",
      "resolved": "https://registry.npmjs.org/symbol-observable/-/symbol-observable-1.0.4.tgz"
    },
    "to-array": {
      "version": "0.1.4",
      "from": "to-array@0.1.4",
      "resolved": "https://registry.npmjs.org/to-array/-/to-array-0.1.4.tgz"
    },
    "ultron": {
      "version": "1.0.2",
      "from": "ultron@>=1.0.0 <1.1.0",
      "resolved": "https://registry.npmjs.org/ultron/-/ultron-1.0.2.tgz"
    },
    "url": {
      "version": "0.10.3",
      "from": "url@0.10.3",
      "resolved": "https://registry.npmjs.org/url/-/url-0.10.3.tgz"
    },
    "uuid": {
      "version": "3.0.0",
      "from": "uuid@3.0.0",
      "resolved": "https://registry.npmjs.org/uuid/-/uuid-3.0.0.tgz"
    },
    "vary": {
      "version": "1.1.1",
      "from": "vary@>=1.1.0 <1.2.0",
      "resolved": "https://registry.npmjs.org/vary/-/vary-1.1.1.tgz"
    },
    "wordwrap": {
      "version": "0.0.3",
      "from": "wordwrap@>=0.0.2 <0.1.0",
      "resolved": "https://registry.npmjs.org/wordwrap/-/wordwrap-0.0.3.tgz"
    },
    "ws": {
      "version": "1.1.2",
      "from": "ws@1.1.2",
      "resolved": "https://registry.npmjs.org/ws/-/ws-1.1.2.tgz"
    },
    "wtf-8": {
      "version": "1.0.0",
      "from": "wtf-8@1.0.0",
      "resolved": "https://registry.npmjs.org/wtf-8/-/wtf-8-1.0.0.tgz"
    },
    "xml2js": {
      "version": "0.4.15",
      "from": "xml2js@0.4.15",
      "resolved": "https://registry.npmjs.org/xml2js/-/xml2js-0.4.15.tgz"
    },
    "xmlbuilder": {
      "version": "2.6.2",
      "from": "xmlbuilder@2.6.2",
      "resolved": "https://registry.npmjs.org/xmlbuilder/-/xmlbuilder-2.6.2.tgz"
    },
    "xmlhttprequest-ssl": {
      "version": "1.5.3",
      "from": "xmlhttprequest-ssl@1.5.3",
      "resolved": "https://registry.npmjs.org/xmlhttprequest-ssl/-/xmlhttprequest-ssl-1.5.3.tgz"
    },
    "yeast": {
      "version": "0.1.2",
      "from": "yeast@0.1.2",
      "resolved": "https://registry.npmjs.org/yeast/-/yeast-0.1.2.tgz"
    }
  }
}
